
Microsoft Visual Studio Solution File, Format Version 12.00
# Visual Studio Version 17
VisualStudioVersion = 17.13.35818.85
MinimumVisualStudioVersion = 10.0.40219.1
Project("{FAE04EC0-301F-11D3-BF4B-00C04F79EFBC}") = "FIAP.CP2", "FIAP.CP2\FIAP.CP2.csproj", "{23385FE5-4F57-4E72-9E4C-9D7D525C3EE4}"
EndProject
Project("{FAE04EC0-301F-11D3-BF4B-00C04F79EFBC}") = "FIAP.CP2.Model", "FIAP.CP2.Model\FIAP.CP2.Model.csproj", "{F146651A-13EF-4ACB-AB3F-840CFB1DBE94}"
EndProject
Project("{FAE04EC0-301F-11D3-BF4B-00C04F79EFBC}") = "FIAP.CP2.Data", "FIAP.CP2.Data\FIAP.CP2.Data.csproj", "{84894B29-93A4-42B3-871D-DF55E64E219D}"
EndProject
Project("{FAE04EC0-301F-11D3-BF4B-00C04F79EFBC}") = "Fiap.CP2.Business", "Fiap.CP2.Business\Fiap.CP2.Business.csproj", "{8904E633-B0ED-47E1-A12D-77F1E4607DEF}"
EndProject
Project("{FAE04EC0-301F-11D3-BF4B-00C04F79EFBC}") = "FIAP.CP2.UI", "FIAP.CP2.UI\FIAP.CP2.UI.csproj", "{DB77E3B0-D9D6-47A1-9A57-B727B10BE586}"
EndProject
Project("{FAE04EC0-301F-11D3-BF4B-00C04F79EFBC}") = "FIAP.CP2.Application", "FIAP.CP2.Application\FIAP.CP2.Application.csproj", "{5B5DE08A-9992-4885-81C9-DA52CE207A80}"
EndProject
Project("{FAE04EC0-301F-11D3-BF4B-00C04F79EFBC}") = "FIAP.CP2.API", "FIAP.CP2.API\FIAP.CP2.API.csproj", "{D4461716-CB3A-49C2-9F4E-9964E40735E7}"
EndProject
Project("{FAE04EC0-301F-11D3-BF4B-00C04F79EFBC}") = "FIAP.CP2.Domain", "FIAP.CP2.Domain\FIAP.CP2.Domain.csproj", "{588DB703-BC96-42B5-8AF3-D27A828D555D}"
EndProject
Project("{FAE04EC0-301F-11D3-BF4B-00C04F79EFBC}") = "FIAP.CP2.Infra", "FIAP.CP2.Infra\FIAP.CP2.Infra.csproj", "{86B6E51E-2BDE-4F94-B154-DB3480C47D35}"
EndProject
Global
	GlobalSection(SolutionConfigurationPlatforms) = preSolution
		Debug|Any CPU = Debug|Any CPU
		Release|Any CPU = Release|Any CPU
	EndGlobalSection
	GlobalSection(ProjectConfigurationPlatforms) = postSolution
		{23385FE5-4F57-4E72-9E4C-9D7D525C3EE4}.Debug|Any CPU.ActiveCfg = Debug|Any CPU
		{23385FE5-4F57-4E72-9E4C-9D7D525C3EE4}.Debug|Any CPU.Build.0 = Debug|Any CPU
		{23385FE5-4F57-4E72-9E4C-9D7D525C3EE4}.Release|Any CPU.ActiveCfg = Release|Any CPU
		{23385FE5-4F57-4E72-9E4C-9D7D525C3EE4}.Release|Any CPU.Build.0 = Release|Any CPU
		{F146651A-13EF-4ACB-AB3F-840CFB1DBE94}.Debug|Any CPU.ActiveCfg = Debug|Any CPU
		{F146651A-13EF-4ACB-AB3F-840CFB1DBE94}.Debug|Any CPU.Build.0 = Debug|Any CPU
		{F146651A-13EF-4ACB-AB3F-840CFB1DBE94}.Release|Any CPU.ActiveCfg = Release|Any CPU
		{F146651A-13EF-4ACB-AB3F-840CFB1DBE94}.Release|Any CPU.Build.0 = Release|Any CPU
		{84894B29-93A4-42B3-871D-DF55E64E219D}.Debug|Any CPU.ActiveCfg = Debug|Any CPU
		{84894B29-93A4-42B3-871D-DF55E64E219D}.Debug|Any CPU.Build.0 = Debug|Any CPU
		{84894B29-93A4-42B3-871D-DF55E64E219D}.Release|Any CPU.ActiveCfg = Release|Any CPU
		{84894B29-93A4-42B3-871D-DF55E64E219D}.Release|Any CPU.Build.0 = Release|Any CPU
		{8904E633-B0ED-47E1-A12D-77F1E4607DEF}.Debug|Any CPU.ActiveCfg = Debug|Any CPU
		{8904E633-B0ED-47E1-A12D-77F1E4607DEF}.Debug|Any CPU.Build.0 = Debug|Any CPU
		{8904E633-B0ED-47E1-A12D-77F1E4607DEF}.Release|Any CPU.ActiveCfg = Release|Any CPU
		{8904E633-B0ED-47E1-A12D-77F1E4607DEF}.Release|Any CPU.Build.0 = Release|Any CPU
		{DB77E3B0-D9D6-47A1-9A57-B727B10BE586}.Debug|Any CPU.ActiveCfg = Debug|Any CPU
		{DB77E3B0-D9D6-47A1-9A57-B727B10BE586}.Debug|Any CPU.Build.0 = Debug|Any CPU
		{DB77E3B0-D9D6-47A1-9A57-B727B10BE586}.Release|Any CPU.ActiveCfg = Release|Any CPU
		{DB77E3B0-D9D6-47A1-9A57-B727B10BE586}.Release|Any CPU.Build.0 = Release|Any CPU
		{5B5DE08A-9992-4885-81C9-DA52CE207A80}.Debug|Any CPU.ActiveCfg = Debug|Any CPU
		{5B5DE08A-9992-4885-81C9-DA52CE207A80}.Debug|Any CPU.Build.0 = Debug|Any CPU
		{5B5DE08A-9992-4885-81C9-DA52CE207A80}.Release|Any CPU.ActiveCfg = Release|Any CPU
		{5B5DE08A-9992-4885-81C9-DA52CE207A80}.Release|Any CPU.Build.0 = Release|Any CPU
		{D4461716-CB3A-49C2-9F4E-9964E40735E7}.Debug|Any CPU.ActiveCfg = Debug|Any CPU
		{D4461716-CB3A-49C2-9F4E-9964E40735E7}.Debug|Any CPU.Build.0 = Debug|Any CPU
		{D4461716-CB3A-49C2-9F4E-9964E40735E7}.Release|Any CPU.ActiveCfg = Release|Any CPU
		{D4461716-CB3A-49C2-9F4E-9964E40735E7}.Release|Any CPU.Build.0 = Release|Any CPU
		{588DB703-BC96-42B5-8AF3-D27A828D555D}.Debug|Any CPU.ActiveCfg = Debug|Any CPU
		{588DB703-BC96-42B5-8AF3-D27A828D555D}.Debug|Any CPU.Build.0 = Debug|Any CPU
		{588DB703-BC96-42B5-8AF3-D27A828D555D}.Release|Any CPU.ActiveCfg = Release|Any CPU
		{588DB703-BC96-42B5-8AF3-D27A828D555D}.Release|Any CPU.Build.0 = Release|Any CPU
		{86B6E51E-2BDE-4F94-B154-DB3480C47D35}.Debug|Any CPU.ActiveCfg = Debug|Any CPU
		{86B6E51E-2BDE-4F94-B154-DB3480C47D35}.Debug|Any CPU.Build.0 = Debug|Any CPU
		{86B6E51E-2BDE-4F94-B154-DB3480C47D35}.Release|Any CPU.ActiveCfg = Release|Any CPU
		{86B6E51E-2BDE-4F94-B154-DB3480C47D35}.Release|Any CPU.Build.0 = Release|Any CPU
	EndGlobalSection
	GlobalSection(SolutionProperties) = preSolution
		HideSolutionNode = FALSE
	EndGlobalSection
	GlobalSection(ExtensibilityGlobals) = postSolution
		SolutionGuid = {F05C73CA-B638-4CA7-8545-5EF3AAE09690}
	EndGlobalSection
EndGlobal
